
Microsoft Visual Studio Solution File, Format Version 12.00
# Visual Studio 2012
Project("{FAE04EC0-301F-11D3-BF4B-00C04F79EFBC}") = "FreelanceApp", "FreelanceApp\FreelanceApp.csproj", "{CEA8C503-C001-4F57-9D81-7178FFBE5119}"
EndProject
Global
	GlobalSection(SolutionConfigurationPlatforms) = preSolution
		Debug|Any CPU = Debug|Any CPU
		Release|Any CPU = Release|Any CPU
	EndGlobalSection
	GlobalSection(ProjectConfigurationPlatforms) = postSolution
		{CEA8C503-C001-4F57-9D81-7178FFBE5119}.Debug|Any CPU.ActiveCfg = Debug|Any CPU
		{CEA8C503-C001-4F57-9D81-7178FFBE5119}.Debug|Any CPU.Build.0 = Debug|Any CPU
		{CEA8C503-C001-4F57-9D81-7178FFBE5119}.Release|Any CPU.ActiveCfg = Release|Any CPU
		{CEA8C503-C001-4F57-9D81-7178FFBE5119}.Release|Any CPU.Build.0 = Release|Any CPU
	EndGlobalSection
	GlobalSection(SolutionProperties) = preSolution
		HideSolutionNode = FALSE
	EndGlobalSection
EndGlobal
